
Microsoft Visual Studio Solution File, Format Version 12.00
# Visual Studio 15
VisualStudioVersion = 15.0.28010.2036
MinimumVisualStudioVersion = 10.0.40219.1
Project("{FAE04EC0-301F-11D3-BF4B-00C04F79EFBC}") = "Suplanus.EplAddIn.Costura", "Suplanus.EplAddIn.Costura\Suplanus.EplAddIn.Costura.csproj", "{B9F7A6AB-3193-41A9-8EDC-B765B26D1C84}"
EndProject
Project("{FAE04EC0-301F-11D3-BF4B-00C04F79EFBC}") = "Suplanus.EplAddIn.Library", "Suplanus.EplAddIn.Library\Suplanus.EplAddIn.Library.csproj", "{E096B96D-D59C-45D9-97AD-A979B9832F19}"
EndProject
Global
	GlobalSection(SolutionConfigurationPlatforms) = preSolution
		Debug|Any CPU = Debug|Any CPU
		Release|Any CPU = Release|Any CPU
	EndGlobalSection
	GlobalSection(ProjectConfigurationPlatforms) = postSolution
		{B9F7A6AB-3193-41A9-8EDC-B765B26D1C84}.Debug|Any CPU.ActiveCfg = Debug|Any CPU
		{B9F7A6AB-3193-41A9-8EDC-B765B26D1C84}.Debug|Any CPU.Build.0 = Debug|Any CPU
		{B9F7A6AB-3193-41A9-8EDC-B765B26D1C84}.Release|Any CPU.ActiveCfg = Release|Any CPU
		{B9F7A6AB-3193-41A9-8EDC-B765B26D1C84}.Release|Any CPU.Build.0 = Release|Any CPU
		{E096B96D-D59C-45D9-97AD-A979B9832F19}.Debug|Any CPU.ActiveCfg = Debug|Any CPU
		{E096B96D-D59C-45D9-97AD-A979B9832F19}.Debug|Any CPU.Build.0 = Debug|Any CPU
		{E096B96D-D59C-45D9-97AD-A979B9832F19}.Release|Any CPU.ActiveCfg = Release|Any CPU
		{E096B96D-D59C-45D9-97AD-A979B9832F19}.Release|Any CPU.Build.0 = Release|Any CPU
	EndGlobalSection
	GlobalSection(SolutionProperties) = preSolution
		HideSolutionNode = FALSE
	EndGlobalSection
	GlobalSection(ExtensibilityGlobals) = postSolution
		SolutionGuid = {C9EA32DA-02D9-45C1-B1FA-C965D5D1FD4D}
	EndGlobalSection
EndGlobal
